// !$*UTF8*$!
{
	archiveVersion = 1;
	classes = {
	};
	objectVersion = 48;
	objects = {

/* Begin PBXBuildFile section */
		D4A2BE2E1FFAC46C00A6E7D6 /* Expressions.swift in Sources */ = {isa = PBXBuildFile; fileRef = D4A2BE2D1FFAC46C00A6E7D6 /* Expressions.swift */; };
		D4C3F09F1FF9680D00874464 /* AppDelegate.swift in Sources */ = {isa = PBXBuildFile; fileRef = D4C3F09E1FF9680D00874464 /* AppDelegate.swift */; };
		D4C3F0A11FF9680D00874464 /* ViewController.swift in Sources */ = {isa = PBXBuildFile; fileRef = D4C3F0A01FF9680D00874464 /* ViewController.swift */; };
		D4C3F0A41FF9680D00874464 /* Main.storyboard in Resources */ = {isa = PBXBuildFile; fileRef = D4C3F0A21FF9680D00874464 /* Main.storyboard */; };
		D4C3F0A61FF9680D00874464 /* Assets.xcassets in Resources */ = {isa = PBXBuildFile; fileRef = D4C3F0A51FF9680D00874464 /* Assets.xcassets */; };
		D4C3F0A91FF9680D00874464 /* LaunchScreen.storyboard in Resources */ = {isa = PBXBuildFile; fileRef = D4C3F0A71FF9680D00874464 /* LaunchScreen.storyboard */; };
		D4C3F0B11FF9690600874464 /* Mask.swift in Sources */ = {isa = PBXBuildFile; fileRef = D4C3F0B01FF9690600874464 /* Mask.swift */; };
		D4C3F0B31FF9692B00874464 /* VirtualFaceContent.swift in Sources */ = {isa = PBXBuildFile; fileRef = D4C3F0B21FF9692B00874464 /* VirtualFaceContent.swift */; };
		D4E87F271FFACC000006DCD6 /* UIKitExtras.swift in Sources */ = {isa = PBXBuildFile; fileRef = D4E87F261FFACC000006DCD6 /* UIKitExtras.swift */; };
		D4E87F291FFACE240006DCD6 /* FoundationExtras.swift in Sources */ = {isa = PBXBuildFile; fileRef = D4E87F281FFACE240006DCD6 /* FoundationExtras.swift */; };
		D4E87F2B1FFAD3600006DCD6 /* RoundedRectButton.swift in Sources */ = {isa = PBXBuildFile; fileRef = D4E87F2A1FFAD3600006DCD6 /* RoundedRectButton.swift */; };
/* End PBXBuildFile section */

/* Begin PBXFileReference section */
		D4A2BE2D1FFAC46C00A6E7D6 /* Expressions.swift */ = {isa = PBXFileReference; lastKnownFileType = sourcecode.swift; path = Expressions.swift; sourceTree = "<group>"; };
		D4C3F09B1FF9680D00874464 /* FaceOff.app */ = {isa = PBXFileReference; explicitFileType = wrapper.application; includeInIndex = 0; path = FaceOff.app; sourceTree = BUILT_PRODUCTS_DIR; };
		D4C3F09E1FF9680D00874464 /* AppDelegate.swift */ = {isa = PBXFileReference; lastKnownFileType = sourcecode.swift; path = AppDelegate.swift; sourceTree = "<group>"; };
		D4C3F0A01FF9680D00874464 /* ViewController.swift */ = {isa = PBXFileReference; lastKnownFileType = sourcecode.swift; path = ViewController.swift; sourceTree = "<group>"; };
		D4C3F0A31FF9680D00874464 /* Base */ = {isa = PBXFileReference; lastKnownFileType = file.storyboard; name = Base; path = Base.lproj/Main.storyboard; sourceTree = "<group>"; };
		D4C3F0A51FF9680D00874464 /* Assets.xcassets */ = {isa = PBXFileReference; lastKnownFileType = folder.assetcatalog; path = Assets.xcassets; sourceTree = "<group>"; };
		D4C3F0A81FF9680D00874464 /* Base */ = {isa = PBXFileReference; lastKnownFileType = file.storyboard; name = Base; path = Base.lproj/LaunchScreen.storyboard; sourceTree = "<group>"; };
		D4C3F0AA1FF9680D00874464 /* Info.plist */ = {isa = PBXFileReference; lastKnownFileType = text.plist.xml; path = Info.plist; sourceTree = "<group>"; };
		D4C3F0B01FF9690600874464 /* Mask.swift */ = {isa = PBXFileReference; fileEncoding = 4; lastKnownFileType = sourcecode.swift; path = Mask.swift; sourceTree = "<group>"; };
		D4C3F0B21FF9692B00874464 /* VirtualFaceContent.swift */ = {isa = PBXFileReference; fileEncoding = 4; lastKnownFileType = sourcecode.swift; path = VirtualFaceContent.swift; sourceTree = "<group>"; };
		D4E87F261FFACC000006DCD6 /* UIKitExtras.swift */ = {isa = PBXFileReference; fileEncoding = 4; lastKnownFileType = sourcecode.swift; path = UIKitExtras.swift; sourceTree = "<group>"; };
		D4E87F281FFACE240006DCD6 /* FoundationExtras.swift */ = {isa = PBXFileReference; fileEncoding = 4; lastKnownFileType = sourcecode.swift; path = FoundationExtras.swift; sourceTree = "<group>"; };
		D4E87F2A1FFAD3600006DCD6 /* RoundedRectButton.swift */ = {isa = PBXFileReference; fileEncoding = 4; lastKnownFileType = sourcecode.swift; path = RoundedRectButton.swift; sourceTree = "<group>"; };
/* End PBXFileReference section */

/* Begin PBXFrameworksBuildPhase section */
		D4C3F0981FF9680D00874464 /* Frameworks */ = {
			isa = PBXFrameworksBuildPhase;
			buildActionMask = 2147483647;
			files = (
			);
			runOnlyForDeploymentPostprocessing = 0;
		};
/* End PBXFrameworksBuildPhase section */

/* Begin PBXGroup section */
		D4430D9A201961C70054038E /* Floating Mask */ = {
			isa = PBXGroup;
			children = (
				D4C3F0B21FF9692B00874464 /* VirtualFaceContent.swift */,
				D4C3F0B01FF9690600874464 /* Mask.swift */,
			);
			path = "Floating Mask";
			sourceTree = "<group>";
		};
		D46CA2C020195F1300E7F2D3 /* Extras */ = {
			isa = PBXGroup;
			children = (
				D4E87F261FFACC000006DCD6 /* UIKitExtras.swift */,
				D4E87F281FFACE240006DCD6 /* FoundationExtras.swift */,
				D4E87F2A1FFAD3600006DCD6 /* RoundedRectButton.swift */,
			);
			path = Extras;
			sourceTree = "<group>";
		};
		D4C3F0921FF9680D00874464 = {
			isa = PBXGroup;
			children = (
				D4C3F09D1FF9680D00874464 /* FaceOff */,
				D4C3F09C1FF9680D00874464 /* Products */,
			);
			sourceTree = "<group>";
		};
		D4C3F09C1FF9680D00874464 /* Products */ = {
			isa = PBXGroup;
			children = (
				D4C3F09B1FF9680D00874464 /* FaceOff.app */,
			);
			name = Products;
			sourceTree = "<group>";
		};
		D4C3F09D1FF9680D00874464 /* FaceOff */ = {
			isa = PBXGroup;
			children = (
				D4C3F09E1FF9680D00874464 /* AppDelegate.swift */,
				D4C3F0A01FF9680D00874464 /* ViewController.swift */,
				D4A2BE2D1FFAC46C00A6E7D6 /* Expressions.swift */,
				D4430D9A201961C70054038E /* Floating Mask */,
				D46CA2C020195F1300E7F2D3 /* Extras */,
				D4C3F0A21FF9680D00874464 /* Main.storyboard */,
				D4C3F0A51FF9680D00874464 /* Assets.xcassets */,
				D4C3F0A71FF9680D00874464 /* LaunchScreen.storyboard */,
				D4C3F0AA1FF9680D00874464 /* Info.plist */,
			);
			path = FaceOff;
			sourceTree = "<group>";
		};
/* End PBXGroup section */

/* Begin PBXNativeTarget section */
		D4C3F09A1FF9680D00874464 /* FaceOff */ = {
			isa = PBXNativeTarget;
			buildConfigurationList = D4C3F0AD1FF9680D00874464 /* Build configuration list for PBXNativeTarget "FaceOff" */;
			buildPhases = (
				D4C3F0971FF9680D00874464 /* Sources */,
				D4C3F0981FF9680D00874464 /* Frameworks */,
				D4C3F0991FF9680D00874464 /* Resources */,
			);
			buildRules = (
			);
			dependencies = (
			);
			name = FaceOff;
			productName = FaceOff;
			productReference = D4C3F09B1FF9680D00874464 /* FaceOff.app */;
			productType = "com.apple.product-type.application";
		};
/* End PBXNativeTarget section */

/* Begin PBXProject section */
		D4C3F0931FF9680D00874464 /* Project object */ = {
			isa = PBXProject;
			attributes = {
				LastSwiftUpdateCheck = 0920;
				LastUpgradeCheck = 0920;
				ORGANIZATIONNAME = "Made by Windmill";
				TargetAttributes = {
					D4C3F09A1FF9680D00874464 = {
						CreatedOnToolsVersion = 9.2;
						ProvisioningStyle = Automatic;
					};
				};
			};
			buildConfigurationList = D4C3F0961FF9680D00874464 /* Build configuration list for PBXProject "FaceOff" */;
			compatibilityVersion = "Xcode 8.0";
			developmentRegion = en;
			hasScannedForEncodings = 0;
			knownRegions = (
				en,
				Base,
			);
			mainGroup = D4C3F0921FF9680D00874464;
			productRefGroup = D4C3F09C1FF9680D00874464 /* Products */;
			projectDirPath = "";
			projectRoot = "";
			targets = (
				D4C3F09A1FF9680D00874464 /* FaceOff */,
			);
		};
/* End PBXProject section */

/* Begin PBXResourcesBuildPhase section */
		D4C3F0991FF9680D00874464 /* Resources */ = {
			isa = PBXResourcesBuildPhase;
			buildActionMask = 2147483647;
			files = (
				D4C3F0A91FF9680D00874464 /* LaunchScreen.storyboard in Resources */,
				D4C3F0A61FF9680D00874464 /* Assets.xcassets in Resources */,
				D4C3F0A41FF9680D00874464 /* Main.storyboard in Resources */,
			);
			runOnlyForDeploymentPostprocessing = 0;
		};
/* End PBXResourcesBuildPhase section */

/* Begin PBXSourcesBuildPhase section */
		D4C3F0971FF9680D00874464 /* Sources */ = {
			isa = PBXSourcesBuildPhase;
			buildActionMask = 2147483647;
			files = (
				D4C3F0B31FF9692B00874464 /* VirtualFaceContent.swift in Sources */,
				D4C3F0A11FF9680D00874464 /* ViewController.swift in Sources */,
				D4C3F09F1FF9680D00874464 /* AppDelegate.swift in Sources */,
				D4C3F0B11FF9690600874464 /* Mask.swift in Sources */,
				D4E87F291FFACE240006DCD6 /* FoundationExtras.swift in Sources */,
				D4E87F2B1FFAD3600006DCD6 /* RoundedRectButton.swift in Sources */,
				D4A2BE2E1FFAC46C00A6E7D6 /* Expressions.swift in Sources */,
				D4E87F271FFACC000006DCD6 /* UIKitExtras.swift in Sources */,
			);
			runOnlyForDeploymentPostprocessing = 0;
		};
/* End PBXSourcesBuildPhase section */

/* Begin PBXVariantGroup section */
		D4C3F0A21FF9680D00874464 /* Main.storyboard */ = {
			isa = PBXVariantGroup;
			children = (
				D4C3F0A31FF9680D00874464 /* Base */,
			);
			name = Main.storyboard;
			sourceTree = "<group>";
		};
		D4C3F0A71FF9680D00874464 /* LaunchScreen.storyboard */ = {
			isa = PBXVariantGroup;
			children = (
				D4C3F0A81FF9680D00874464 /* Base */,
			);
			name = LaunchScreen.storyboard;
			sourceTree = "<group>";
		};
/* End PBXVariantGroup section */

/* Begin XCBuildConfiguration section */
		D4C3F0AB1FF9680D00874464 /* Debug */ = {
			isa = XCBuildConfiguration;
			buildSettings = {
				ALWAYS_SEARCH_USER_PATHS = NO;
				CLANG_ANALYZER_NONNULL = YES;
				CLANG_ANALYZER_NUMBER_OBJECT_CONVERSION = YES_AGGRESSIVE;
				CLANG_CXX_LANGUAGE_STANDARD = "gnu++14";
				CLANG_CXX_LIBRARY = "libc++";
				CLANG_ENABLE_MODULES = YES;
				CLANG_ENABLE_OBJC_ARC = YES;
				CLANG_WARN_BLOCK_CAPTURE_AUTORELEASING = YES;
				CLANG_WARN_BOOL_CONVERSION = YES;
				CLANG_WARN_COMMA = YES;
				CLANG_WARN_CONSTANT_CONVERSION = YES;
				CLANG_WARN_DIRECT_OBJC_ISA_USAGE = YES_ERROR;
				CLANG_WARN_DOCUMENTATION_COMMENTS = YES;
				CLANG_WARN_EMPTY_BODY = YES;
				CLANG_WARN_ENUM_CONVERSION = YES;
				CLANG_WARN_INFINITE_RECURSION = YES;
				CLANG_WARN_INT_CONVERSION = YES;
				CLANG_WARN_NON_LITERAL_NULL_CONVERSION = YES;
				CLANG_WARN_OBJC_LITERAL_CONVERSION = YES;
				CLANG_WARN_OBJC_ROOT_CLASS = YES_ERROR;
				CLANG_WARN_RANGE_LOOP_ANALYSIS = YES;
				CLANG_WARN_STRICT_PROTOTYPES = YES;
				CLANG_WARN_SUSPICIOUS_MOVE = YES;
				CLANG_WARN_UNGUARDED_AVAILABILITY = YES_AGGRESSIVE;
				CLANG_WARN_UNREACHABLE_CODE = YES;
				CLANG_WARN__DUPLICATE_METHOD_MATCH = YES;
				CODE_SIGN_IDENTITY = "iPhone Developer";
				COPY_PHASE_STRIP = NO;
				DEBUG_INFORMATION_FORMAT = dwarf;
				ENABLE_STRICT_OBJC_MSGSEND = YES;
				ENABLE_TESTABILITY = YES;
				GCC_C_LANGUAGE_STANDARD = gnu11;
				GCC_DYNAMIC_NO_PIC = NO;
				GCC_NO_COMMON_BLOCKS = YES;
				GCC_OPTIMIZATION_LEVEL = 0;
				GCC_PREPROCESSOR_DEFINITIONS = (
					"DEBUG=1",
					"$(inherited)",
				);
				GCC_WARN_64_TO_32_BIT_CONVERSION = YES;
				GCC_WARN_ABOUT_RETURN_TYPE = YES_ERROR;
				GCC_WARN_UNDECLARED_SELECTOR = YES;
				GCC_WARN_UNINITIALIZED_AUTOS = YES_AGGRESSIVE;
				GCC_WARN_UNUSED_FUNCTION = YES;
				GCC_WARN_UNUSED_VARIABLE = YES;
				IPHONEOS_DEPLOYMENT_TARGET = 11.2;
				MTL_ENABLE_DEBUG_INFO = YES;
				ONLY_ACTIVE_ARCH = YES;
				SDKROOT = iphoneos;
				SWIFT_ACTIVE_COMPILATION_CONDITIONS = DEBUG;
				SWIFT_OPTIMIZATION_LEVEL = "-Onone";
			};
			name = Debug;
		};
		D4C3F0AC1FF9680D00874464 /* Release */ = {
			isa = XCBuildConfiguration;
			buildSettings = {
				ALWAYS_SEARCH_USER_PATHS = NO;
				CLANG_ANALYZER_NONNULL = YES;
				CLANG_ANALYZER_NUMBER_OBJECT_CONVERSION = YES_AGGRESSIVE;
				CLANG_CXX_LANGUAGE_STANDARD = "gnu++14";
				CLANG_CXX_LIBRARY = "libc++";
				CLANG_ENABLE_MODULES = YES;
				CLANG_ENABLE_OBJC_ARC = YES;
				CLANG_WARN_BLOCK_CAPTURE_AUTORELEASING = YES;
				CLANG_WARN_BOOL_CONVERSION = YES;
				CLANG_WARN_COMMA = YES;
				CLANG_WARN_CONSTANT_CONVERSION = YES;
				CLANG_WARN_DIRECT_OBJC_ISA_USAGE = YES_ERROR;
				CLANG_WARN_DOCUMENTATION_COMMENTS = YES;
				CLANG_WARN_EMPTY_BODY = YES;
				CLANG_WARN_ENUM_CONVERSION = YES;
				CLANG_WARN_INFINITE_RECURSION = YES;
				CLANG_WARN_INT_CONVERSION = YES;
				CLANG_WARN_NON_LITERAL_NULL_CONVERSION = YES;
				CLANG_WARN_OBJC_LITERAL_CONVERSION = YES;
				CLANG_WARN_OBJC_ROOT_CLASS = YES_ERROR;
				CLANG_WARN_RANGE_LOOP_ANALYSIS = YES;
				CLANG_WARN_STRICT_PROTOTYPES = YES;
				CLANG_WARN_SUSPICIOUS_MOVE = YES;
				CLANG_WARN_UNGUARDED_AVAILABILITY = YES_AGGRESSIVE;
				CLANG_WARN_UNREACHABLE_CODE = YES;
				CLANG_WARN__DUPLICATE_METHOD_MATCH = YES;
				CODE_SIGN_IDENTITY = "iPhone Developer";
				COPY_PHASE_STRIP = NO;
				DEBUG_INFORMATION_FORMAT = "dwarf-with-dsym";
				ENABLE_NS_ASSERTIONS = NO;
				ENABLE_STRICT_OBJC_MSGSEND = YES;
				GCC_C_LANGUAGE_STANDARD = gnu11;
				GCC_NO_COMMON_BLOCKS = YES;
				GCC_WARN_64_TO_32_BIT_CONVERSION = YES;
				GCC_WARN_ABOUT_RETURN_TYPE = YES_ERROR;
				GCC_WARN_UNDECLARED_SELECTOR = YES;
				GCC_WARN_UNINITIALIZED_AUTOS = YES_AGGRESSIVE;
				GCC_WARN_UNUSED_FUNCTION = YES;
				GCC_WARN_UNUSED_VARIABLE = YES;
				IPHONEOS_DEPLOYMENT_TARGET = 11.2;
				MTL_ENABLE_DEBUG_INFO = NO;
				SDKROOT = iphoneos;
				SWIFT_OPTIMIZATION_LEVEL = "-Owholemodule";
				VALIDATE_PRODUCT = YES;
			};
			name = Release;
		};
		D4C3F0AE1FF9680D00874464 /* Debug */ = {
			isa = XCBuildConfiguration;
			buildSettings = {
				ASSETCATALOG_COMPILER_APPICON_NAME = AppIcon;
				CODE_SIGN_STYLE = Automatic;
				DEVELOPMENT_TEAM = 899AA7RGN5;
				INFOPLIST_FILE = FaceOff/Info.plist;
				LD_RUNPATH_SEARCH_PATHS = "$(inherited) @executable_path/Frameworks";
				PRODUCT_BUNDLE_IDENTIFIER = com.madebywindmill.FaceOff;
				PRODUCT_NAME = "$(TARGET_NAME)";
				SWIFT_VERSION = 4.0;
				TARGETED_DEVICE_FAMILY = "1,2";
			};
			name = Debug;
		};
		D4C3F0AF1FF9680D00874464 /* Release */ = {
			isa = XCBuildConfiguration;
			buildSettings = {
				ASSETCATALOG_COMPILER_APPICON_NAME = AppIcon;
				CODE_SIGN_STYLE = Automatic;
				DEVELOPMENT_TEAM = 899AA7RGN5;
				INFOPLIST_FILE = FaceOff/Info.plist;
				LD_RUNPATH_SEARCH_PATHS = "$(inherited) @executable_path/Frameworks";
				PRODUCT_BUNDLE_IDENTIFIER = com.madebywindmill.FaceOff;
				PRODUCT_NAME = "$(TARGET_NAME)";
				SWIFT_VERSION = 4.0;
				TARGETED_DEVICE_FAMILY = "1,2";
			};
			name = Release;
		};
/* End XCBuildConfiguration section */

/* Begin XCConfigurationList section */
		D4C3F0961FF9680D00874464 /* Build configuration list for PBXProject "FaceOff" */ = {
			isa = XCConfigurationList;
			buildConfigurations = (
				D4C3F0AB1FF9680D00874464 /* Debug */,
				D4C3F0AC1FF9680D00874464 /* Release */,
			);
			defaultConfigurationIsVisible = 0;
			defaultConfigurationName = Release;
		};
		D4C3F0AD1FF9680D00874464 /* Build configuration list for PBXNativeTarget "FaceOff" */ = {
			isa = XCConfigurationList;
			buildConfigurations = (
				D4C3F0AE1FF9680D00874464 /* Debug */,
				D4C3F0AF1FF9680D00874464 /* Release */,
			);
			defaultConfigurationIsVisible = 0;
			defaultConfigurationName = Release;
		};
/* End XCConfigurationList section */
	};
	rootObject = D4C3F0931FF9680D00874464 /* Project object */;
}
